
Microsoft Visual Studio Solution File, Format Version 12.00
# Visual Studio Version 16
VisualStudioVersion = 16.0.33927.289
MinimumVisualStudioVersion = 10.0.40219.1
Project("{2150E333-8FDC-42A3-9474-1A3956D46DE8}") = "Task0", "Task0", "{C6BE6F9E-22AC-4048-AA47-86867488628A}"
EndProject
Project("{FAE04EC0-301F-11D3-BF4B-00C04F79EFBC}") = "Tyuiu.LachuginAV.Sprint3.V13", "Tyuiu.LachuginAV.Sprint3.V13\Tyuiu.LachuginAV.Sprint3.V13.csproj", "{7948D8FB-7C8C-4C24-B8ED-CA5B34D6DDD4}"
EndProject
Project("{FAE04EC0-301F-11D3-BF4B-00C04F79EFBC}") = "Tyuiu.LachuginAV.Sprint3.V13.Lib", "Tyuiu.LachuginAV.Sprint3.V13.Lib\Tyuiu.LachuginAV.Sprint3.V13.Lib.csproj", "{73DB0EDA-C3B8-453A-A322-468A17803D9F}"
EndProject
Project("{FAE04EC0-301F-11D3-BF4B-00C04F79EFBC}") = "Tyuiu.LachuginAV.Sprint3.V13.Test", "Tyuiu.LachuginAV.Sprint3.V13.Test\Tyuiu.LachuginAV.Sprint3.V13.Test.csproj", "{80F41047-07DB-442F-83D3-A2BBC5225BB1}"
EndProject
Project("{2150E333-8FDC-42A3-9474-1A3956D46DE8}") = "Task1", "Task1", "{E55CD984-88F9-43C2-B648-73498DBBE758}"
EndProject
Project("{FAE04EC0-301F-11D3-BF4B-00C04F79EFBC}") = "Tyuiu.LachuginAV.Sprint3.Task1.V7", "Tyuiu.LachuginAV.Sprint3.V7\Tyuiu.LachuginAV.Sprint3.Task1.V7.csproj", "{EB413768-0009-4F82-A675-FD417847C792}"
EndProject
Project("{FAE04EC0-301F-11D3-BF4B-00C04F79EFBC}") = "Tyuiu.LachuginAV.Sprint3.Task1.V7.Lib", "Tyuiu.LachuginAV.Sprint3.V7.Lib\Tyuiu.LachuginAV.Sprint3.Task1.V7.Lib.csproj", "{AC492A44-F820-48AC-B040-1A4A54D5B643}"
EndProject
Project("{FAE04EC0-301F-11D3-BF4B-00C04F79EFBC}") = "Tyuiu.LachuginAV.Sprint3.Task1.V7.Test", "Tyuiu.LachuginAV.Sprint3.V7.Test\Tyuiu.LachuginAV.Sprint3.Task1.V7.Test.csproj", "{5C625794-B2BB-461B-A9DF-23E080EDB3B5}"
EndProject
Project("{2150E333-8FDC-42A3-9474-1A3956D46DE8}") = "Tasl2", "Tasl2", "{1CA72F8E-583E-4791-A215-17F091FE3DFF}"
EndProject
Project("{FAE04EC0-301F-11D3-BF4B-00C04F79EFBC}") = "Tyuiu.LachuginAV.Sprint3.Task2.V2", "Tyuiu.LachuginAV.Sprint3.Task2.V2\Tyuiu.LachuginAV.Sprint3.Task2.V2.csproj", "{0A3D8A74-9A94-4D36-99FD-6BE1E3375384}"
EndProject
Project("{FAE04EC0-301F-11D3-BF4B-00C04F79EFBC}") = "Tyuiu.LachuginAV.Sprint3.Task2.V2.Lib", "Tyuiu.LachuginAV.Sprint3.Task2.V2.Lib\Tyuiu.LachuginAV.Sprint3.Task2.V2.Lib.csproj", "{2A564C02-DC1E-4952-98BD-16FAB5AC2D44}"
EndProject
Project("{FAE04EC0-301F-11D3-BF4B-00C04F79EFBC}") = "Tyuiu.LachuginAV.Sprint3.Task2.V2.Test", "Tyuiu.LachuginAV.Sprint3.Task2.V2.Test\Tyuiu.LachuginAV.Sprint3.Task2.V2.Test.csproj", "{A4A47086-D8A7-4FFE-8416-81587214CF56}"
EndProject
Project("{2150E333-8FDC-42A3-9474-1A3956D46DE8}") = "Task3", "Task3", "{0B4A79D7-DFC1-4E30-B818-7FC27043E01C}"
EndProject
Project("{FAE04EC0-301F-11D3-BF4B-00C04F79EFBC}") = "Tyuiu.LachuginAV.Sprint3.Task3.V24", "Tyuiu.LachuginAV.Sprint3.Task3.V24\Tyuiu.LachuginAV.Sprint3.Task3.V24.csproj", "{A34E8C11-DB14-4BA4-813E-02063111D09A}"
EndProject
Project("{FAE04EC0-301F-11D3-BF4B-00C04F79EFBC}") = "Tyuiu.LachuginAV.Sprint3.Task3.V24.Lib", "Tyuiu.LachuginAV.Sprint3.Task3.V24.Lib\Tyuiu.LachuginAV.Sprint3.Task3.V24.Lib.csproj", "{32C9C8E9-CC26-4CDC-BCBA-5982CF918EC9}"
EndProject
Project("{FAE04EC0-301F-11D3-BF4B-00C04F79EFBC}") = "Tyuiu.LachuginAV.Sprint3.Task3.V24.Test", "Tyuiu.LachuginAV.Sprint3.Task3.V24.Test\Tyuiu.LachuginAV.Sprint3.Task3.V24.Test.csproj", "{C3291A8B-4128-470B-92E7-35A281234376}"
EndProject
Project("{2150E333-8FDC-42A3-9474-1A3956D46DE8}") = "Task4", "Task4", "{20B1DCB3-2826-45BB-8D9D-7FF6099A01C8}"
EndProject
Project("{FAE04EC0-301F-11D3-BF4B-00C04F79EFBC}") = "Tyuiu.LachuginAV.Sprint3.Task4.V7", "Tyuiu.LachuginAV.Sprint3.Task4.V7\Tyuiu.LachuginAV.Sprint3.Task4.V7.csproj", "{27884701-9B6D-4D38-95EA-2A97DFEBA6BE}"
EndProject
Project("{FAE04EC0-301F-11D3-BF4B-00C04F79EFBC}") = "Tyuiu.LachuginAV.Sprint3.Task4.V7.Test", "Tyuiu.LachuginAV.Sprint3.Task4.V7.Test\Tyuiu.LachuginAV.Sprint3.Task4.V7.Test.csproj", "{FA9ADA4A-8F24-4129-AD5B-372AFEFE7FD4}"
EndProject
Project("{FAE04EC0-301F-11D3-BF4B-00C04F79EFBC}") = "Tyuiu.LachuginAV.Sprint3.Task4.V7.Lib", "Tyuiu.LachuginAV.Sprint3.Task4.V7.Lib\Tyuiu.LachuginAV.Sprint3.Task4.V7.Lib.csproj", "{45EDD356-9504-4D23-8D57-EF94070E9589}"
EndProject
Project("{2150E333-8FDC-42A3-9474-1A3956D46DE8}") = "Task5", "Task5", "{6F20FD14-FA04-4A34-ACB2-4F4EF9F8E8B9}"
EndProject
Project("{FAE04EC0-301F-11D3-BF4B-00C04F79EFBC}") = "Tyuiu.LachuginAV.Sprint3.Task5.V2", "Tyuiu.LachuginAV.Sprint3.Task5.V2\Tyuiu.LachuginAV.Sprint3.Task5.V2.csproj", "{A2E64821-0658-4F94-822E-D6D22362AE24}"
EndProject
Project("{FAE04EC0-301F-11D3-BF4B-00C04F79EFBC}") = "Tyuiu.LachuginAV.Sprint3.Task5.V2.Lib", "Tyuiu.LachuginAV.Sprint3.Task5.V2.Lib\Tyuiu.LachuginAV.Sprint3.Task5.V2.Lib.csproj", "{64890F53-EC15-4B62-89EF-199D81D53C12}"
EndProject
Project("{FAE04EC0-301F-11D3-BF4B-00C04F79EFBC}") = "Tyuiu.LachuginAV.Sprint3.Task5.V2.Test", "Tyuiu.LachuginAV.Sprint3.Task5.V2.Test\Tyuiu.LachuginAV.Sprint3.Task5.V2.Test.csproj", "{FCB032DA-7F89-4B61-A4F6-877831FAEA36}"
EndProject
Project("{2150E333-8FDC-42A3-9474-1A3956D46DE8}") = "Task6", "Task6", "{62CD6CF2-5562-485E-A63F-0249CA057240}"
EndProject
Project("{FAE04EC0-301F-11D3-BF4B-00C04F79EFBC}") = "Tyuiu.LachuginAV.Sprint3.Task6.V11", "Tyuiu.LachuginAV.Sprint3.Task6.V11\Tyuiu.LachuginAV.Sprint3.Task6.V11.csproj", "{1B187AD0-E725-4642-B051-C91C2669BA5A}"
EndProject
Project("{FAE04EC0-301F-11D3-BF4B-00C04F79EFBC}") = "Tyuiu.LachuginAV.Sprint3.Task6.V11.Test", "Tyuiu.LachuginAV.Sprint3.Task6.V11.Test\Tyuiu.LachuginAV.Sprint3.Task6.V11.Test.csproj", "{334EDC06-F200-47DF-97F7-7269E46EC40C}"
EndProject
Project("{FAE04EC0-301F-11D3-BF4B-00C04F79EFBC}") = "Tyuiu.LachuginAV.Sprint3.Task6.V11.Lib", "Tyuiu.LachuginAV.Sprint3.Task6.V11.Lib\Tyuiu.LachuginAV.Sprint3.Task6.V11.Lib.csproj", "{3D7D96FD-EA6A-4093-A281-9C751163F2A3}"
EndProject
Global
	GlobalSection(SolutionConfigurationPlatforms) = preSolution
		Debug|Any CPU = Debug|Any CPU
		Release|Any CPU = Release|Any CPU
	EndGlobalSection
	GlobalSection(ProjectConfigurationPlatforms) = postSolution
		{7948D8FB-7C8C-4C24-B8ED-CA5B34D6DDD4}.Debug|Any CPU.ActiveCfg = Debug|Any CPU
		{7948D8FB-7C8C-4C24-B8ED-CA5B34D6DDD4}.Debug|Any CPU.Build.0 = Debug|Any CPU
		{7948D8FB-7C8C-4C24-B8ED-CA5B34D6DDD4}.Release|Any CPU.ActiveCfg = Release|Any CPU
		{7948D8FB-7C8C-4C24-B8ED-CA5B34D6DDD4}.Release|Any CPU.Build.0 = Release|Any CPU
		{73DB0EDA-C3B8-453A-A322-468A17803D9F}.Debug|Any CPU.ActiveCfg = Debug|Any CPU
		{73DB0EDA-C3B8-453A-A322-468A17803D9F}.Debug|Any CPU.Build.0 = Debug|Any CPU
		{73DB0EDA-C3B8-453A-A322-468A17803D9F}.Release|Any CPU.ActiveCfg = Release|Any CPU
		{73DB0EDA-C3B8-453A-A322-468A17803D9F}.Release|Any CPU.Build.0 = Release|Any CPU
		{80F41047-07DB-442F-83D3-A2BBC5225BB1}.Debug|Any CPU.ActiveCfg = Debug|Any CPU
		{80F41047-07DB-442F-83D3-A2BBC5225BB1}.Debug|Any CPU.Build.0 = Debug|Any CPU
		{80F41047-07DB-442F-83D3-A2BBC5225BB1}.Release|Any CPU.ActiveCfg = Release|Any CPU
		{80F41047-07DB-442F-83D3-A2BBC5225BB1}.Release|Any CPU.Build.0 = Release|Any CPU
		{EB413768-0009-4F82-A675-FD417847C792}.Debug|Any CPU.ActiveCfg = Debug|Any CPU
		{EB413768-0009-4F82-A675-FD417847C792}.Debug|Any CPU.Build.0 = Debug|Any CPU
		{EB413768-0009-4F82-A675-FD417847C792}.Release|Any CPU.ActiveCfg = Release|Any CPU
		{EB413768-0009-4F82-A675-FD417847C792}.Release|Any CPU.Build.0 = Release|Any CPU
		{AC492A44-F820-48AC-B040-1A4A54D5B643}.Debug|Any CPU.ActiveCfg = Debug|Any CPU
		{AC492A44-F820-48AC-B040-1A4A54D5B643}.Debug|Any CPU.Build.0 = Debug|Any CPU
		{AC492A44-F820-48AC-B040-1A4A54D5B643}.Release|Any CPU.ActiveCfg = Release|Any CPU
		{AC492A44-F820-48AC-B040-1A4A54D5B643}.Release|Any CPU.Build.0 = Release|Any CPU
		{5C625794-B2BB-461B-A9DF-23E080EDB3B5}.Debug|Any CPU.ActiveCfg = Debug|Any CPU
		{5C625794-B2BB-461B-A9DF-23E080EDB3B5}.Debug|Any CPU.Build.0 = Debug|Any CPU
		{5C625794-B2BB-461B-A9DF-23E080EDB3B5}.Release|Any CPU.ActiveCfg = Release|Any CPU
		{5C625794-B2BB-461B-A9DF-23E080EDB3B5}.Release|Any CPU.Build.0 = Release|Any CPU
		{0A3D8A74-9A94-4D36-99FD-6BE1E3375384}.Debug|Any CPU.ActiveCfg = Debug|Any CPU
		{0A3D8A74-9A94-4D36-99FD-6BE1E3375384}.Debug|Any CPU.Build.0 = Debug|Any CPU
		{0A3D8A74-9A94-4D36-99FD-6BE1E3375384}.Release|Any CPU.ActiveCfg = Release|Any CPU
		{0A3D8A74-9A94-4D36-99FD-6BE1E3375384}.Release|Any CPU.Build.0 = Release|Any CPU
		{2A564C02-DC1E-4952-98BD-16FAB5AC2D44}.Debug|Any CPU.ActiveCfg = Debug|Any CPU
		{2A564C02-DC1E-4952-98BD-16FAB5AC2D44}.Debug|Any CPU.Build.0 = Debug|Any CPU
		{2A564C02-DC1E-4952-98BD-16FAB5AC2D44}.Release|Any CPU.ActiveCfg = Release|Any CPU
		{2A564C02-DC1E-4952-98BD-16FAB5AC2D44}.Release|Any CPU.Build.0 = Release|Any CPU
		{A4A47086-D8A7-4FFE-8416-81587214CF56}.Debug|Any CPU.ActiveCfg = Debug|Any CPU
		{A4A47086-D8A7-4FFE-8416-81587214CF56}.Debug|Any CPU.Build.0 = Debug|Any CPU
		{A4A47086-D8A7-4FFE-8416-81587214CF56}.Release|Any CPU.ActiveCfg = Release|Any CPU
		{A4A47086-D8A7-4FFE-8416-81587214CF56}.Release|Any CPU.Build.0 = Release|Any CPU
		{A34E8C11-DB14-4BA4-813E-02063111D09A}.Debug|Any CPU.ActiveCfg = Debug|Any CPU
		{A34E8C11-DB14-4BA4-813E-02063111D09A}.Debug|Any CPU.Build.0 = Debug|Any CPU
		{A34E8C11-DB14-4BA4-813E-02063111D09A}.Release|Any CPU.ActiveCfg = Release|Any CPU
		{A34E8C11-DB14-4BA4-813E-02063111D09A}.Release|Any CPU.Build.0 = Release|Any CPU
		{32C9C8E9-CC26-4CDC-BCBA-5982CF918EC9}.Debug|Any CPU.ActiveCfg = Debug|Any CPU
		{32C9C8E9-CC26-4CDC-BCBA-5982CF918EC9}.Debug|Any CPU.Build.0 = Debug|Any CPU
		{32C9C8E9-CC26-4CDC-BCBA-5982CF918EC9}.Release|Any CPU.ActiveCfg = Release|Any CPU
		{32C9C8E9-CC26-4CDC-BCBA-5982CF918EC9}.Release|Any CPU.Build.0 = Release|Any CPU
		{C3291A8B-4128-470B-92E7-35A281234376}.Debug|Any CPU.ActiveCfg = Debug|Any CPU
		{C3291A8B-4128-470B-92E7-35A281234376}.Debug|Any CPU.Build.0 = Debug|Any CPU
		{C3291A8B-4128-470B-92E7-35A281234376}.Release|Any CPU.ActiveCfg = Release|Any CPU
		{C3291A8B-4128-470B-92E7-35A281234376}.Release|Any CPU.Build.0 = Release|Any CPU
		{27884701-9B6D-4D38-95EA-2A97DFEBA6BE}.Debug|Any CPU.ActiveCfg = Debug|Any CPU
		{27884701-9B6D-4D38-95EA-2A97DFEBA6BE}.Debug|Any CPU.Build.0 = Debug|Any CPU
		{27884701-9B6D-4D38-95EA-2A97DFEBA6BE}.Release|Any CPU.ActiveCfg = Release|Any CPU
		{27884701-9B6D-4D38-95EA-2A97DFEBA6BE}.Release|Any CPU.Build.0 = Release|Any CPU
		{FA9ADA4A-8F24-4129-AD5B-372AFEFE7FD4}.Debug|Any CPU.ActiveCfg = Debug|Any CPU
		{FA9ADA4A-8F24-4129-AD5B-372AFEFE7FD4}.Debug|Any CPU.Build.0 = Debug|Any CPU
		{FA9ADA4A-8F24-4129-AD5B-372AFEFE7FD4}.Release|Any CPU.ActiveCfg = Release|Any CPU
		{FA9ADA4A-8F24-4129-AD5B-372AFEFE7FD4}.Release|Any CPU.Build.0 = Release|Any CPU
		{45EDD356-9504-4D23-8D57-EF94070E9589}.Debug|Any CPU.ActiveCfg = Debug|Any CPU
		{45EDD356-9504-4D23-8D57-EF94070E9589}.Debug|Any CPU.Build.0 = Debug|Any CPU
		{45EDD356-9504-4D23-8D57-EF94070E9589}.Release|Any CPU.ActiveCfg = Release|Any CPU
		{45EDD356-9504-4D23-8D57-EF94070E9589}.Release|Any CPU.Build.0 = Release|Any CPU
		{A2E64821-0658-4F94-822E-D6D22362AE24}.Debug|Any CPU.ActiveCfg = Debug|Any CPU
		{A2E64821-0658-4F94-822E-D6D22362AE24}.Debug|Any CPU.Build.0 = Debug|Any CPU
		{A2E64821-0658-4F94-822E-D6D22362AE24}.Release|Any CPU.ActiveCfg = Release|Any CPU
		{A2E64821-0658-4F94-822E-D6D22362AE24}.Release|Any CPU.Build.0 = Release|Any CPU
		{64890F53-EC15-4B62-89EF-199D81D53C12}.Debug|Any CPU.ActiveCfg = Debug|Any CPU
		{64890F53-EC15-4B62-89EF-199D81D53C12}.Debug|Any CPU.Build.0 = Debug|Any CPU
		{64890F53-EC15-4B62-89EF-199D81D53C12}.Release|Any CPU.ActiveCfg = Release|Any CPU
		{64890F53-EC15-4B62-89EF-199D81D53C12}.Release|Any CPU.Build.0 = Release|Any CPU
		{FCB032DA-7F89-4B61-A4F6-877831FAEA36}.Debug|Any CPU.ActiveCfg = Debug|Any CPU
		{FCB032DA-7F89-4B61-A4F6-877831FAEA36}.Debug|Any CPU.Build.0 = Debug|Any CPU
		{FCB032DA-7F89-4B61-A4F6-877831FAEA36}.Release|Any CPU.ActiveCfg = Release|Any CPU
		{FCB032DA-7F89-4B61-A4F6-877831FAEA36}.Release|Any CPU.Build.0 = Release|Any CPU
		{1B187AD0-E725-4642-B051-C91C2669BA5A}.Debug|Any CPU.ActiveCfg = Debug|Any CPU
		{1B187AD0-E725-4642-B051-C91C2669BA5A}.Debug|Any CPU.Build.0 = Debug|Any CPU
		{1B187AD0-E725-4642-B051-C91C2669BA5A}.Release|Any CPU.ActiveCfg = Release|Any CPU
		{1B187AD0-E725-4642-B051-C91C2669BA5A}.Release|Any CPU.Build.0 = Release|Any CPU
		{334EDC06-F200-47DF-97F7-7269E46EC40C}.Debug|Any CPU.ActiveCfg = Debug|Any CPU
		{334EDC06-F200-47DF-97F7-7269E46EC40C}.Debug|Any CPU.Build.0 = Debug|Any CPU
		{334EDC06-F200-47DF-97F7-7269E46EC40C}.Release|Any CPU.ActiveCfg = Release|Any CPU
		{334EDC06-F200-47DF-97F7-7269E46EC40C}.Release|Any CPU.Build.0 = Release|Any CPU
		{3D7D96FD-EA6A-4093-A281-9C751163F2A3}.Debug|Any CPU.ActiveCfg = Debug|Any CPU
		{3D7D96FD-EA6A-4093-A281-9C751163F2A3}.Debug|Any CPU.Build.0 = Debug|Any CPU
		{3D7D96FD-EA6A-4093-A281-9C751163F2A3}.Release|Any CPU.ActiveCfg = Release|Any CPU
		{3D7D96FD-EA6A-4093-A281-9C751163F2A3}.Release|Any CPU.Build.0 = Release|Any CPU
	EndGlobalSection
	GlobalSection(SolutionProperties) = preSolution
		HideSolutionNode = FALSE
	EndGlobalSection
	GlobalSection(NestedProjects) = preSolution
		{7948D8FB-7C8C-4C24-B8ED-CA5B34D6DDD4} = {C6BE6F9E-22AC-4048-AA47-86867488628A}
		{73DB0EDA-C3B8-453A-A322-468A17803D9F} = {C6BE6F9E-22AC-4048-AA47-86867488628A}
		{80F41047-07DB-442F-83D3-A2BBC5225BB1} = {C6BE6F9E-22AC-4048-AA47-86867488628A}
		{EB413768-0009-4F82-A675-FD417847C792} = {E55CD984-88F9-43C2-B648-73498DBBE758}
		{AC492A44-F820-48AC-B040-1A4A54D5B643} = {E55CD984-88F9-43C2-B648-73498DBBE758}
		{5C625794-B2BB-461B-A9DF-23E080EDB3B5} = {E55CD984-88F9-43C2-B648-73498DBBE758}
		{0A3D8A74-9A94-4D36-99FD-6BE1E3375384} = {1CA72F8E-583E-4791-A215-17F091FE3DFF}
		{2A564C02-DC1E-4952-98BD-16FAB5AC2D44} = {1CA72F8E-583E-4791-A215-17F091FE3DFF}
		{A4A47086-D8A7-4FFE-8416-81587214CF56} = {1CA72F8E-583E-4791-A215-17F091FE3DFF}
		{A34E8C11-DB14-4BA4-813E-02063111D09A} = {0B4A79D7-DFC1-4E30-B818-7FC27043E01C}
		{32C9C8E9-CC26-4CDC-BCBA-5982CF918EC9} = {0B4A79D7-DFC1-4E30-B818-7FC27043E01C}
		{C3291A8B-4128-470B-92E7-35A281234376} = {0B4A79D7-DFC1-4E30-B818-7FC27043E01C}
		{27884701-9B6D-4D38-95EA-2A97DFEBA6BE} = {20B1DCB3-2826-45BB-8D9D-7FF6099A01C8}
		{FA9ADA4A-8F24-4129-AD5B-372AFEFE7FD4} = {20B1DCB3-2826-45BB-8D9D-7FF6099A01C8}
		{45EDD356-9504-4D23-8D57-EF94070E9589} = {20B1DCB3-2826-45BB-8D9D-7FF6099A01C8}
		{A2E64821-0658-4F94-822E-D6D22362AE24} = {6F20FD14-FA04-4A34-ACB2-4F4EF9F8E8B9}
		{64890F53-EC15-4B62-89EF-199D81D53C12} = {6F20FD14-FA04-4A34-ACB2-4F4EF9F8E8B9}
		{FCB032DA-7F89-4B61-A4F6-877831FAEA36} = {6F20FD14-FA04-4A34-ACB2-4F4EF9F8E8B9}
		{1B187AD0-E725-4642-B051-C91C2669BA5A} = {62CD6CF2-5562-485E-A63F-0249CA057240}
		{334EDC06-F200-47DF-97F7-7269E46EC40C} = {62CD6CF2-5562-485E-A63F-0249CA057240}
		{3D7D96FD-EA6A-4093-A281-9C751163F2A3} = {62CD6CF2-5562-485E-A63F-0249CA057240}
	EndGlobalSection
	GlobalSection(ExtensibilityGlobals) = postSolution
		SolutionGuid = {550C4068-5899-4028-B181-72713EF3DF77}
	EndGlobalSection
EndGlobal
